lockfileVersion: '9.0'

settings:
  autoInstallPeers: true
  excludeLinksFromLockfile: false

importers:

  .:
    devDependencies:
      '@types/chroma-js':
        specifier: ^3.1.2
        version: 3.1.2
      '@types/node':
        specifier: ^24.10.1
        version: 24.10.1
      chroma-js:
        specifier: ^3.1.2
        version: 3.1.2
      typescript:
        specifier: ^5.9.3
        version: 5.9.3

packages:

  '@types/chroma-js@3.1.2':
    resolution: {integrity: sha512-YBTQqArPN8A0niHXCwrO1z5x++a+6l0mLBykncUpr23oIPW7L4h39s6gokdK/bDrPmSh8+TjMmrhBPnyiaWPmQ==}

  '@types/node@24.10.1':
    resolution: {integrity: sha512-GNWcUTRBgIRJD5zj+Tq0fKOJ5XZajIiBroOF0yvj2bSU1WvNdYS/dn9UxwsujGW4JX06dnHyjV2y9rRaybH0iQ==}

  chroma-js@3.1.2:
    resolution: {integrity: sha512-IJnETTalXbsLx1eKEgx19d5L6SRM7cH4vINw/99p/M11HCuXGRWL+6YmCm7FWFGIo6dtWuQoQi1dc5yQ7ESIHg==}

  typescript@5.9.3:
    resolution: {integrity: sha512-jl1vZzPDinLr9eUt3J/t7V6FgNEw9QjvBPdysz9KfQDD41fQrC2Y4vKQdiaUpFT4bXlb1RHhLpp8wtm6M5TgSw==}
    engines: {node: '>=14.17'}
    hasBin: true

  undici-types@7.16.0:
    resolution: {integrity: sha512-Zz+aZWSj8LE6zoxD+xrjh4VfkIG8Ya6LvYkZqtUQGJPZjYl53ypCaUwWqo7eI0x66KBGeRo+mlBEkMSeSZ38Nw==}

snapshots:

  '@types/chroma-js@3.1.2': {}

  '@types/node@24.10.1':
    dependencies:
      undici-types: 7.16.0

  chroma-js@3.1.2: {}

  typescript@5.9.3: {}

  undici-types@7.16.0: {}
